// !$*UTF8*$!
{
	archiveVersion = 1;
	classes = {
	};
	objectVersion = 56;
	objects = {

/* Begin PBXBuildFile section */
		C37DC82C2A3CEC4F00CA9EC1 /* AnimateSymbolsView.swift in Sources */ = {isa = PBXBuildFile; fileRef = C37DC82B2A3CEC4F00CA9EC1 /* AnimateSymbolsView.swift */; };
		C382DC7A2A321A1300F53332 /* SwiftUI5App.swift in Sources */ = {isa = PBXBuildFile; fileRef = C382DC792A321A1300F53332 /* SwiftUI5App.swift */; };
		C382DC7C2A321A1300F53332 /* ContentView.swift in Sources */ = {isa = PBXBuildFile; fileRef = C382DC7B2A321A1300F53332 /* ContentView.swift */; };
		C382DC7E2A321A1600F53332 /* Assets.xcassets in Resources */ = {isa = PBXBuildFile; fileRef = C382DC7D2A321A1600F53332 /* Assets.xcassets */; };
		C382DC812A321A1600F53332 /* Preview Assets.xcassets in Resources */ = {isa = PBXBuildFile; fileRef = C382DC802A321A1600F53332 /* Preview Assets.xcassets */; };
		C382DC882A321A7D00F53332 /* SwiftDataView.swift in Sources */ = {isa = PBXBuildFile; fileRef = C382DC872A321A7D00F53332 /* SwiftDataView.swift */; };
		C382DCAE2A326F5400F53332 /* PagingView.swift in Sources */ = {isa = PBXBuildFile; fileRef = C382DCAD2A326F5400F53332 /* PagingView.swift */; };
		C382DCB02A32721600F53332 /* PositionView.swift in Sources */ = {isa = PBXBuildFile; fileRef = C382DCAF2A32721600F53332 /* PositionView.swift */; };
		C382DCB22A32A5E300F53332 /* STransitionView.swift in Sources */ = {isa = PBXBuildFile; fileRef = C382DCB12A32A5E300F53332 /* STransitionView.swift */; };
		C382DCB42A32A7B600F53332 /* TransitionView.swift in Sources */ = {isa = PBXBuildFile; fileRef = C382DCB32A32A7B600F53332 /* TransitionView.swift */; };
		C382DCB62A32AF8500F53332 /* DateFormat.swift in Sources */ = {isa = PBXBuildFile; fileRef = C382DCB52A32AF8500F53332 /* DateFormat.swift */; };
		C382DCB82A32D48600F53332 /* ContextMenuView.swift in Sources */ = {isa = PBXBuildFile; fileRef = C382DCB72A32D48600F53332 /* ContextMenuView.swift */; };
		C382DCBA2A32D90000F53332 /* UnavailableView.swift in Sources */ = {isa = PBXBuildFile; fileRef = C382DCB92A32D90000F53332 /* UnavailableView.swift */; };
		C382DCBC2A33BB7200F53332 /* screenshot.png in Resources */ = {isa = PBXBuildFile; fileRef = C382DCBB2A33BB7100F53332 /* screenshot.png */; };
		C382DCBE2A33BFA200F53332 /* ObservableView.swift in Sources */ = {isa = PBXBuildFile; fileRef = C382DCBD2A33BFA200F53332 /* ObservableView.swift */; };
/* End PBXBuildFile section */

/* Begin PBXFileReference section */
		C37DC82B2A3CEC4F00CA9EC1 /* AnimateSymbolsView.swift */ = {isa = PBXFileReference; lastKnownFileType = sourcecode.swift; path = AnimateSymbolsView.swift; sourceTree = "<group>"; };
		C382DC762A321A1300F53332 /* SwiftUI5.app */ = {isa = PBXFileReference; explicitFileType = wrapper.application; includeInIndex = 0; path = SwiftUI5.app; sourceTree = BUILT_PRODUCTS_DIR; };
		C382DC792A321A1300F53332 /* SwiftUI5App.swift */ = {isa = PBXFileReference; lastKnownFileType = sourcecode.swift; path = SwiftUI5App.swift; sourceTree = "<group>"; };
		C382DC7B2A321A1300F53332 /* ContentView.swift */ = {isa = PBXFileReference; lastKnownFileType = sourcecode.swift; path = ContentView.swift; sourceTree = "<group>"; };
		C382DC7D2A321A1600F53332 /* Assets.xcassets */ = {isa = PBXFileReference; lastKnownFileType = folder.assetcatalog; path = Assets.xcassets; sourceTree = "<group>"; };
		C382DC802A321A1600F53332 /* Preview Assets.xcassets */ = {isa = PBXFileReference; lastKnownFileType = folder.assetcatalog; path = "Preview Assets.xcassets"; sourceTree = "<group>"; };
		C382DC872A321A7D00F53332 /* SwiftDataView.swift */ = {isa = PBXFileReference; lastKnownFileType = sourcecode.swift; path = SwiftDataView.swift; sourceTree = "<group>"; };
		C382DCAD2A326F5400F53332 /* PagingView.swift */ = {isa = PBXFileReference; fileEncoding = 4; lastKnownFileType = sourcecode.swift; path = PagingView.swift; sourceTree = "<group>"; };
		C382DCAF2A32721600F53332 /* PositionView.swift */ = {isa = PBXFileReference; fileEncoding = 4; lastKnownFileType = sourcecode.swift; path = PositionView.swift; sourceTree = "<group>"; };
		C382DCB12A32A5E300F53332 /* STransitionView.swift */ = {isa = PBXFileReference; lastKnownFileType = sourcecode.swift; path = STransitionView.swift; sourceTree = "<group>"; };
		C382DCB32A32A7B600F53332 /* TransitionView.swift */ = {isa = PBXFileReference; lastKnownFileType = sourcecode.swift; path = TransitionView.swift; sourceTree = "<group>"; };
		C382DCB52A32AF8500F53332 /* DateFormat.swift */ = {isa = PBXFileReference; lastKnownFileType = sourcecode.swift; path = DateFormat.swift; sourceTree = "<group>"; };
		C382DCB72A32D48600F53332 /* ContextMenuView.swift */ = {isa = PBXFileReference; lastKnownFileType = sourcecode.swift; path = ContextMenuView.swift; sourceTree = "<group>"; };
		C382DCB92A32D90000F53332 /* UnavailableView.swift */ = {isa = PBXFileReference; lastKnownFileType = sourcecode.swift; path = UnavailableView.swift; sourceTree = "<group>"; };
		C382DCBB2A33BB7100F53332 /* screenshot.png */ = {isa = PBXFileReference; lastKnownFileType = image.png; path = screenshot.png; sourceTree = "<group>"; };
		C382DCBD2A33BFA200F53332 /* ObservableView.swift */ = {isa = PBXFileReference; lastKnownFileType = sourcecode.swift; path = ObservableView.swift; sourceTree = "<group>"; };
/* End PBXFileReference section */

/* Begin PBXFrameworksBuildPhase section */
		C382DC732A321A1300F53332 /* Frameworks */ = {
			isa = PBXFrameworksBuildPhase;
			buildActionMask = 2147483647;
			files = (
			);
			runOnlyForDeploymentPostprocessing = 0;
		};
/* End PBXFrameworksBuildPhase section */

/* Begin PBXGroup section */
		C382DC6D2A321A1300F53332 = {
			isa = PBXGroup;
			children = (
				C382DC782A321A1300F53332 /* SwiftUI5 */,
				C382DC772A321A1300F53332 /* Products */,
			);
			sourceTree = "<group>";
		};
		C382DC772A321A1300F53332 /* Products */ = {
			isa = PBXGroup;
			children = (
				C382DC762A321A1300F53332 /* SwiftUI5.app */,
			);
			name = Products;
			sourceTree = "<group>";
		};
		C382DC782A321A1300F53332 /* SwiftUI5 */ = {
			isa = PBXGroup;
			children = (
				C382DC792A321A1300F53332 /* SwiftUI5App.swift */,
				C382DC7B2A321A1300F53332 /* ContentView.swift */,
				C382DCB92A32D90000F53332 /* UnavailableView.swift */,
				C382DCB12A32A5E300F53332 /* STransitionView.swift */,
				C382DCAF2A32721600F53332 /* PositionView.swift */,
				C382DCAD2A326F5400F53332 /* PagingView.swift */,
				C382DC7D2A321A1600F53332 /* Assets.xcassets */,
				C382DC7F2A321A1600F53332 /* Preview Content */,
				C382DC872A321A7D00F53332 /* SwiftDataView.swift */,
				C382DCB32A32A7B600F53332 /* TransitionView.swift */,
				C382DCB52A32AF8500F53332 /* DateFormat.swift */,
				C382DCB72A32D48600F53332 /* ContextMenuView.swift */,
				C382DCBB2A33BB7100F53332 /* screenshot.png */,
				C382DCBD2A33BFA200F53332 /* ObservableView.swift */,
				C37DC82B2A3CEC4F00CA9EC1 /* AnimateSymbolsView.swift */,
			);
			path = SwiftUI5;
			sourceTree = "<group>";
		};
		C382DC7F2A321A1600F53332 /* Preview Content */ = {
			isa = PBXGroup;
			children = (
				C382DC802A321A1600F53332 /* Preview Assets.xcassets */,
			);
			path = "Preview Content";
			sourceTree = "<group>";
		};
/* End PBXGroup section */

/* Begin PBXNativeTarget section */
		C382DC752A321A1300F53332 /* SwiftUI5 */ = {
			isa = PBXNativeTarget;
			buildConfigurationList = C382DC842A321A1600F53332 /* Build configuration list for PBXNativeTarget "SwiftUI5" */;
			buildPhases = (
				C382DC722A321A1300F53332 /* Sources */,
				C382DC732A321A1300F53332 /* Frameworks */,
				C382DC742A321A1300F53332 /* Resources */,
			);
			buildRules = (
			);
			dependencies = (
			);
			name = SwiftUI5;
			productName = SwiftUI5;
			productReference = C382DC762A321A1300F53332 /* SwiftUI5.app */;
			productType = "com.apple.product-type.application";
		};
/* End PBXNativeTarget section */

/* Begin PBXProject section */
		C382DC6E2A321A1300F53332 /* Project object */ = {
			isa = PBXProject;
			attributes = {
				BuildIndependentTargetsInParallel = 1;
				LastSwiftUpdateCheck = 1500;
				LastUpgradeCheck = 1500;
				TargetAttributes = {
					C382DC752A321A1300F53332 = {
						CreatedOnToolsVersion = 15.0;
					};
				};
			};
			buildConfigurationList = C382DC712A321A1300F53332 /* Build configuration list for PBXProject "SwiftUI5" */;
			compatibilityVersion = "Xcode 14.0";
			developmentRegion = en;
			hasScannedForEncodings = 0;
			knownRegions = (
				en,
				Base,
			);
			mainGroup = C382DC6D2A321A1300F53332;
			productRefGroup = C382DC772A321A1300F53332 /* Products */;
			projectDirPath = "";
			projectRoot = "";
			targets = (
				C382DC752A321A1300F53332 /* SwiftUI5 */,
			);
		};
/* End PBXProject section */

/* Begin PBXResourcesBuildPhase section */
		C382DC742A321A1300F53332 /* Resources */ = {
			isa = PBXResourcesBuildPhase;
			buildActionMask = 2147483647;
			files = (
				C382DC812A321A1600F53332 /* Preview Assets.xcassets in Resources */,
				C382DCBC2A33BB7200F53332 /* screenshot.png in Resources */,
				C382DC7E2A321A1600F53332 /* Assets.xcassets in Resources */,
			);
			runOnlyForDeploymentPostprocessing = 0;
		};
/* End PBXResourcesBuildPhase section */

/* Begin PBXSourcesBuildPhase section */
		C382DC722A321A1300F53332 /* Sources */ = {
			isa = PBXSourcesBuildPhase;
			buildActionMask = 2147483647;
			files = (
				C382DCB02A32721600F53332 /* PositionView.swift in Sources */,
				C382DCAE2A326F5400F53332 /* PagingView.swift in Sources */,
				C382DCB62A32AF8500F53332 /* DateFormat.swift in Sources */,
				C382DC882A321A7D00F53332 /* SwiftDataView.swift in Sources */,
				C382DCB42A32A7B600F53332 /* TransitionView.swift in Sources */,
				C382DCBE2A33BFA200F53332 /* ObservableView.swift in Sources */,
				C382DC7C2A321A1300F53332 /* ContentView.swift in Sources */,
				C382DCB82A32D48600F53332 /* ContextMenuView.swift in Sources */,
				C382DCBA2A32D90000F53332 /* UnavailableView.swift in Sources */,
				C382DC7A2A321A1300F53332 /* SwiftUI5App.swift in Sources */,
				C37DC82C2A3CEC4F00CA9EC1 /* AnimateSymbolsView.swift in Sources */,
				C382DCB22A32A5E300F53332 /* STransitionView.swift in Sources */,
			);
			runOnlyForDeploymentPostprocessing = 0;
		};
/* End PBXSourcesBuildPhase section */

/* Begin XCBuildConfiguration section */
		C382DC822A321A1600F53332 /* Debug */ = {
			isa = XCBuildConfiguration;
			buildSettings = {
				ALWAYS_SEARCH_USER_PATHS = NO;
				ASSETCATALOG_COMPILER_GENERATE_SWIFT_ASSET_SYMBOL_EXTENSIONS = YES;
				CLANG_ANALYZER_NONNULL = YES;
				CLANG_ANALYZER_NUMBER_OBJECT_CONVERSION = YES_AGGRESSIVE;
				CLANG_CXX_LANGUAGE_STANDARD = "gnu++20";
				CLANG_ENABLE_MODULES = YES;
				CLANG_ENABLE_OBJC_ARC = YES;
				CLANG_ENABLE_OBJC_WEAK = YES;
				CLANG_WARN_BLOCK_CAPTURE_AUTORELEASING = YES;
				CLANG_WARN_BOOL_CONVERSION = YES;
				CLANG_WARN_COMMA = YES;
				CLANG_WARN_CONSTANT_CONVERSION = YES;
				CLANG_WARN_DEPRECATED_OBJC_IMPLEMENTATIONS = YES;
				CLANG_WARN_DIRECT_OBJC_ISA_USAGE = YES_ERROR;
				CLANG_WARN_DOCUMENTATION_COMMENTS = YES;
				CLANG_WARN_EMPTY_BODY = YES;
				CLANG_WARN_ENUM_CONVERSION = YES;
				CLANG_WARN_INFINITE_RECURSION = YES;
				CLANG_WARN_INT_CONVERSION = YES;
				CLANG_WARN_NON_LITERAL_NULL_CONVERSION = YES;
				CLANG_WARN_OBJC_IMPLICIT_RETAIN_SELF = YES;
				CLANG_WARN_OBJC_LITERAL_CONVERSION = YES;
				CLANG_WARN_OBJC_ROOT_CLASS = YES_ERROR;
				CLANG_WARN_QUOTED_INCLUDE_IN_FRAMEWORK_HEADER = YES;
				CLANG_WARN_RANGE_LOOP_ANALYSIS = YES;
				CLANG_WARN_STRICT_PROTOTYPES = YES;
				CLANG_WARN_SUSPICIOUS_MOVE = YES;
				CLANG_WARN_UNGUARDED_AVAILABILITY = YES_AGGRESSIVE;
				CLANG_WARN_UNREACHABLE_CODE = YES;
				CLANG_WARN__DUPLICATE_METHOD_MATCH = YES;
				COPY_PHASE_STRIP = NO;
				DEBUG_INFORMATION_FORMAT = dwarf;
				ENABLE_STRICT_OBJC_MSGSEND = YES;
				ENABLE_TESTABILITY = YES;
				ENABLE_USER_SCRIPT_SANDBOXING = YES;
				GCC_C_LANGUAGE_STANDARD = gnu17;
				GCC_DYNAMIC_NO_PIC = NO;
				GCC_NO_COMMON_BLOCKS = YES;
				GCC_OPTIMIZATION_LEVEL = 0;
				GCC_PREPROCESSOR_DEFINITIONS = (
					"DEBUG=1",
					"$(inherited)",
				);
				GCC_WARN_64_TO_32_BIT_CONVERSION = YES;
				GCC_WARN_ABOUT_RETURN_TYPE = YES_ERROR;
				GCC_WARN_UNDECLARED_SELECTOR = YES;
				GCC_WARN_UNINITIALIZED_AUTOS = YES_AGGRESSIVE;
				GCC_WARN_UNUSED_FUNCTION = YES;
				GCC_WARN_UNUSED_VARIABLE = YES;
				IPHONEOS_DEPLOYMENT_TARGET = 17.0;
				LOCALIZATION_PREFERS_STRING_CATALOGS = YES;
				MTL_ENABLE_DEBUG_INFO = INCLUDE_SOURCE;
				MTL_FAST_MATH = YES;
				ONLY_ACTIVE_ARCH = YES;
				SDKROOT = iphoneos;
				SWIFT_ACTIVE_COMPILATION_CONDITIONS = "DEBUG $(inherited)";
				SWIFT_OPTIMIZATION_LEVEL = "-Onone";
			};
			name = Debug;
		};
		C382DC832A321A1600F53332 /* Release */ = {
			isa = XCBuildConfiguration;
			buildSettings = {
				ALWAYS_SEARCH_USER_PATHS = NO;
				ASSETCATALOG_COMPILER_GENERATE_SWIFT_ASSET_SYMBOL_EXTENSIONS = YES;
				CLANG_ANALYZER_NONNULL = YES;
				CLANG_ANALYZER_NUMBER_OBJECT_CONVERSION = YES_AGGRESSIVE;
				CLANG_CXX_LANGUAGE_STANDARD = "gnu++20";
				CLANG_ENABLE_MODULES = YES;
				CLANG_ENABLE_OBJC_ARC = YES;
				CLANG_ENABLE_OBJC_WEAK = YES;
				CLANG_WARN_BLOCK_CAPTURE_AUTORELEASING = YES;
				CLANG_WARN_BOOL_CONVERSION = YES;
				CLANG_WARN_COMMA = YES;
				CLANG_WARN_CONSTANT_CONVERSION = YES;
				CLANG_WARN_DEPRECATED_OBJC_IMPLEMENTATIONS = YES;
				CLANG_WARN_DIRECT_OBJC_ISA_USAGE = YES_ERROR;
				CLANG_WARN_DOCUMENTATION_COMMENTS = YES;
				CLANG_WARN_EMPTY_BODY = YES;
				CLANG_WARN_ENUM_CONVERSION = YES;
				CLANG_WARN_INFINITE_RECURSION = YES;
				CLANG_WARN_INT_CONVERSION = YES;
				CLANG_WARN_NON_LITERAL_NULL_CONVERSION = YES;
				CLANG_WARN_OBJC_IMPLICIT_RETAIN_SELF = YES;
				CLANG_WARN_OBJC_LITERAL_CONVERSION = YES;
				CLANG_WARN_OBJC_ROOT_CLASS = YES_ERROR;
				CLANG_WARN_QUOTED_INCLUDE_IN_FRAMEWORK_HEADER = YES;
				CLANG_WARN_RANGE_LOOP_ANALYSIS = YES;
				CLANG_WARN_STRICT_PROTOTYPES = YES;
				CLANG_WARN_SUSPICIOUS_MOVE = YES;
				CLANG_WARN_UNGUARDED_AVAILABILITY = YES_AGGRESSIVE;
				CLANG_WARN_UNREACHABLE_CODE = YES;
				CLANG_WARN__DUPLICATE_METHOD_MATCH = YES;
				COPY_PHASE_STRIP = NO;
				DEBUG_INFORMATION_FORMAT = "dwarf-with-dsym";
				ENABLE_NS_ASSERTIONS = NO;
				ENABLE_STRICT_OBJC_MSGSEND = YES;
				ENABLE_USER_SCRIPT_SANDBOXING = YES;
				GCC_C_LANGUAGE_STANDARD = gnu17;
				GCC_NO_COMMON_BLOCKS = YES;
				GCC_WARN_64_TO_32_BIT_CONVERSION = YES;
				GCC_WARN_ABOUT_RETURN_TYPE = YES_ERROR;
				GCC_WARN_UNDECLARED_SELECTOR = YES;
				GCC_WARN_UNINITIALIZED_AUTOS = YES_AGGRESSIVE;
				GCC_WARN_UNUSED_FUNCTION = YES;
				GCC_WARN_UNUSED_VARIABLE = YES;
				IPHONEOS_DEPLOYMENT_TARGET = 17.0;
				LOCALIZATION_PREFERS_STRING_CATALOGS = YES;
				MTL_ENABLE_DEBUG_INFO = NO;
				MTL_FAST_MATH = YES;
				SDKROOT = iphoneos;
				SWIFT_COMPILATION_MODE = wholemodule;
				VALIDATE_PRODUCT = YES;
			};
			name = Release;
		};
		C382DC852A321A1600F53332 /* Debug */ = {
			isa = XCBuildConfiguration;
			buildSettings = {
				ASSETCATALOG_COMPILER_APPICON_NAME = AppIcon;
				ASSETCATALOG_COMPILER_GLOBAL_ACCENT_COLOR_NAME = AccentColor;
				CODE_SIGN_STYLE = Automatic;
				CURRENT_PROJECT_VERSION = 1;
				DEVELOPMENT_ASSET_PATHS = "\"SwiftUI5/Preview Content\"";
				DEVELOPMENT_TEAM = MA5BADG5AW;
				ENABLE_PREVIEWS = YES;
				GENERATE_INFOPLIST_FILE = YES;
				INFOPLIST_KEY_UIApplicationSceneManifest_Generation = YES;
				INFOPLIST_KEY_UIApplicationSupportsIndirectInputEvents = YES;
				INFOPLIST_KEY_UILaunchScreen_Generation = YES;
				INFOPLIST_KEY_UISupportedInterfaceOrientations_iPad = "UIInterfaceOrientationPortrait UIInterfaceOrientationPortraitUpsideDown UIInterfaceOrientationLandscapeLeft UIInterfaceOrientationLandscapeRight";
				INFOPLIST_KEY_UISupportedInterfaceOrientations_iPhone = "UIInterfaceOrientationPortrait UIInterfaceOrientationLandscapeLeft UIInterfaceOrientationLandscapeRight";
				LD_RUNPATH_SEARCH_PATHS = (
					"$(inherited)",
					"@executable_path/Frameworks",
				);
				MARKETING_VERSION = 1.0;
				PRODUCT_BUNDLE_IDENTIFIER = com.gazapps.SwiftUI5;
				PRODUCT_NAME = "$(TARGET_NAME)";
				SWIFT_EMIT_LOC_STRINGS = YES;
				SWIFT_VERSION = 5.0;
				TARGETED_DEVICE_FAMILY = "1,2";
			};
			name = Debug;
		};
		C382DC862A321A1600F53332 /* Release */ = {
			isa = XCBuildConfiguration;
			buildSettings = {
				ASSETCATALOG_COMPILER_APPICON_NAME = AppIcon;
				ASSETCATALOG_COMPILER_GLOBAL_ACCENT_COLOR_NAME = AccentColor;
				CODE_SIGN_STYLE = Automatic;
				CURRENT_PROJECT_VERSION = 1;
				DEVELOPMENT_ASSET_PATHS = "\"SwiftUI5/Preview Content\"";
				DEVELOPMENT_TEAM = MA5BADG5AW;
				ENABLE_PREVIEWS = YES;
				GENERATE_INFOPLIST_FILE = YES;
				INFOPLIST_KEY_UIApplicationSceneManifest_Generation = YES;
				INFOPLIST_KEY_UIApplicationSupportsIndirectInputEvents = YES;
				INFOPLIST_KEY_UILaunchScreen_Generation = YES;
				INFOPLIST_KEY_UISupportedInterfaceOrientations_iPad = "UIInterfaceOrientationPortrait UIInterfaceOrientationPortraitUpsideDown UIInterfaceOrientationLandscapeLeft UIInterfaceOrientationLandscapeRight";
				INFOPLIST_KEY_UISupportedInterfaceOrientations_iPhone = "UIInterfaceOrientationPortrait UIInterfaceOrientationLandscapeLeft UIInterfaceOrientationLandscapeRight";
				LD_RUNPATH_SEARCH_PATHS = (
					"$(inherited)",
					"@executable_path/Frameworks",
				);
				MARKETING_VERSION = 1.0;
				PRODUCT_BUNDLE_IDENTIFIER = com.gazapps.SwiftUI5;
				PRODUCT_NAME = "$(TARGET_NAME)";
				SWIFT_EMIT_LOC_STRINGS = YES;
				SWIFT_VERSION = 5.0;
				TARGETED_DEVICE_FAMILY = "1,2";
			};
			name = Release;
		};
/* End XCBuildConfiguration section */

/* Begin XCConfigurationList section */
		C382DC712A321A1300F53332 /* Build configuration list for PBXProject "SwiftUI5" */ = {
			isa = XCConfigurationList;
			buildConfigurations = (
				C382DC822A321A1600F53332 /* Debug */,
				C382DC832A321A1600F53332 /* Release */,
			);
			defaultConfigurationIsVisible = 0;
			defaultConfigurationName = Release;
		};
		C382DC842A321A1600F53332 /* Build configuration list for PBXNativeTarget "SwiftUI5" */ = {
			isa = XCConfigurationList;
			buildConfigurations = (
				C382DC852A321A1600F53332 /* Debug */,
				C382DC862A321A1600F53332 /* Release */,
			);
			defaultConfigurationIsVisible = 0;
			defaultConfigurationName = Release;
		};
/* End XCConfigurationList section */
	};
	rootObject = C382DC6E2A321A1300F53332 /* Project object */;
}
